
Microsoft Visual Studio Solution File, Format Version 12.00
# Visual Studio Version 17
VisualStudioVersion = 17.4.33205.214
MinimumVisualStudioVersion = 10.0.40219.1
Project("{FAE04EC0-301F-11D3-BF4B-00C04F79EFBC}") = "Bank", "Bank\Bank.csproj", "{460CEF43-4F43-45C7-8157-66FFF6FCEBFD}"
EndProject
Global
	GlobalSection(SolutionConfigurationPlatforms) = preSolution
		Debug|Any CPU = Debug|Any CPU
		Release|Any CPU = Release|Any CPU
	EndGlobalSection
	GlobalSection(ProjectConfigurationPlatforms) = postSolution
		{460CEF43-4F43-45C7-8157-66FFF6FCEBFD}.Debug|Any CPU.ActiveCfg = Debug|Any CPU
		{460CEF43-4F43-45C7-8157-66FFF6FCEBFD}.Debug|Any CPU.Build.0 = Debug|Any CPU
		{460CEF43-4F43-45C7-8157-66FFF6FCEBFD}.Release|Any CPU.ActiveCfg = Release|Any CPU
		{460CEF43-4F43-45C7-8157-66FFF6FCEBFD}.Release|Any CPU.Build.0 = Release|Any CPU
	EndGlobalSection
	GlobalSection(SolutionProperties) = preSolution
		HideSolutionNode = FALSE
	EndGlobalSection
	GlobalSection(ExtensibilityGlobals) = postSolution
		SolutionGuid = {20FFABE4-F96D-47C8-882F-AB905CB820BC}
	EndGlobalSection
EndGlobal
